
Microsoft Visual Studio Solution File, Format Version 12.00
# Visual Studio 15
VisualStudioVersion = 15.0.28010.2048
MinimumVisualStudioVersion = 10.0.40219.1
Project("{9A19103F-16F7-4668-BE54-9A1E7A4F7556}") = "DiagnosticsApp", "DiagnosticsApp\DiagnosticsApp.csproj", "{59AA52B7-7385-422B-986C-22F6DAE9D923}"
EndProject
Project("{888888A0-9F3D-457C-B088-3A5042F75D52}") = "ClassificatorApp", "ClassificatorApp\ClassificatorApp.pyproj", "{0B2F46CC-B567-4051-B982-10853DEBD483}"
EndProject
Global
	GlobalSection(SolutionConfigurationPlatforms) = preSolution
		Debug|Any CPU = Debug|Any CPU
		Release|Any CPU = Release|Any CPU
	EndGlobalSection
	GlobalSection(ProjectConfigurationPlatforms) = postSolution
		{59AA52B7-7385-422B-986C-22F6DAE9D923}.Debug|Any CPU.ActiveCfg = Debug|Any CPU
		{59AA52B7-7385-422B-986C-22F6DAE9D923}.Debug|Any CPU.Build.0 = Debug|Any CPU
		{59AA52B7-7385-422B-986C-22F6DAE9D923}.Release|Any CPU.ActiveCfg = Release|Any CPU
		{59AA52B7-7385-422B-986C-22F6DAE9D923}.Release|Any CPU.Build.0 = Release|Any CPU
		{0B2F46CC-B567-4051-B982-10853DEBD483}.Debug|Any CPU.ActiveCfg = Debug|Any CPU
		{0B2F46CC-B567-4051-B982-10853DEBD483}.Release|Any CPU.ActiveCfg = Release|Any CPU
	EndGlobalSection
	GlobalSection(SolutionProperties) = preSolution
		HideSolutionNode = FALSE
	EndGlobalSection
	GlobalSection(ExtensibilityGlobals) = postSolution
		SolutionGuid = {7B38851A-935A-47B1-8884-0A6B93115126}
	EndGlobalSection
EndGlobal
